
Microsoft Visual Studio Solution File, Format Version 12.00
# Visual Studio Version 17
VisualStudioVersion = 17.2.32519.379
MinimumVisualStudioVersion = 10.0.40219.1
Project("{FAE04EC0-301F-11D3-BF4B-00C04F79EFBC}") = "Concepts.SignalR", "Concepts.SignalR\Concepts.SignalR.csproj", "{973A48E4-D9FD-4CD9-A700-89C26A0DADFB}"
EndProject
Global
	GlobalSection(SolutionConfigurationPlatforms) = preSolution
		Debug|Any CPU = Debug|Any CPU
		Release|Any CPU = Release|Any CPU
	EndGlobalSection
	GlobalSection(ProjectConfigurationPlatforms) = postSolution
		{973A48E4-D9FD-4CD9-A700-89C26A0DADFB}.Debug|Any CPU.ActiveCfg = Debug|Any CPU
		{973A48E4-D9FD-4CD9-A700-89C26A0DADFB}.Debug|Any CPU.Build.0 = Debug|Any CPU
		{973A48E4-D9FD-4CD9-A700-89C26A0DADFB}.Release|Any CPU.ActiveCfg = Release|Any CPU
		{973A48E4-D9FD-4CD9-A700-89C26A0DADFB}.Release|Any CPU.Build.0 = Release|Any CPU
	EndGlobalSection
	GlobalSection(SolutionProperties) = preSolution
		HideSolutionNode = FALSE
	EndGlobalSection
	GlobalSection(ExtensibilityGlobals) = postSolution
		SolutionGuid = {AF8D7C6C-A267-4022-978C-DDEC4C517FBF}
	EndGlobalSection
EndGlobal
